{
  "version": 4,
  "terraform_version": "1.5.2",
  "serial": 50,
  "lineage": "f7339c09-234b-4484-8a2c-c99bf9c43010",
  "outputs": {},
  "resources": [
    {
      "module": "module.proxmox-deploy-template",
      "mode": "managed",
      "type": "proxmox_virtual_environment_vm",
      "name": "nomadclient",
      "provider": "module.proxmox-deploy-template.provider[\"registry.terraform.io/bpg/proxmox\"]",
      "instances": [
        {
          "index_key": 0,
          "schema_version": 0,
          "attributes": {
            "acpi": true,
            "agent": [
              {
                "enabled": true,
                "timeout": "15m",
                "trim": false,
                "type": "virtio"
              }
            ],
            "audio_device": [],
            "bios": "seabios",
            "boot_order": null,
            "cdrom": [],
            "clone": [
              {
                "datastore_id": "",
                "full": true,
                "node_name": "",
                "retries": 1,
                "vm_id": 9999
              }
            ],
            "cpu": [
              {
                "architecture": "x86_64",
                "cores": 4,
                "flags": null,
                "hotplugged": 0,
                "numa": false,
                "sockets": 2,
                "type": "qemu64",
                "units": 1024
              }
            ],
            "description": null,
            "disk": [
              {
                "cache": "none",
                "datastore_id": "local-lvm",
                "discard": "",
                "file_format": "raw",
                "file_id": "",
                "interface": "scsi0",
                "iothread": true,
                "size": 32,
                "speed": [],
                "ssd": false
              },
              {
                "cache": "none",
                "datastore_id": "local-lvm",
                "discard": "",
                "file_format": "raw",
                "file_id": "",
                "interface": "virtio0",
                "iothread": false,
                "size": 8,
                "speed": [],
                "ssd": false
              }
            ],
            "efi_disk": [],
            "hostpci": [],
            "id": "116",
            "initialization": [],
            "ipv4_addresses": [
              [
                "127.0.0.1"
              ],
              [
                "192.168.1.115"
              ]
            ],
            "ipv6_addresses": [
              [
                "::1"
              ],
              [
                "fd2a:484b:5f30:6642:b006:42ff:fedf:8b73",
                "fe80::b006:42ff:fedf:8b73"
              ]
            ],
            "keyboard_layout": "en-us",
            "kvm_arguments": null,
            "mac_addresses": [
              "00:00:00:00:00:00",
              "B2:06:42:DF:8B:73"
            ],
            "machine": null,
            "memory": [
              {
                "dedicated": 32768,
                "floating": 0,
                "shared": 0
              }
            ],
            "migrate": false,
            "name": "prod-nomad-client-0",
            "network_device": [],
            "network_interface_names": [
              "lo",
              "ens18"
            ],
            "node_name": "proxmox",
            "on_boot": true,
            "operating_system": [
              {
                "type": "l26"
              }
            ],
            "pool_id": null,
            "reboot": false,
            "scsi_hardware": "virtio-scsi-pci",
            "serial_device": [],
            "smbios": [],
            "started": true,
            "startup": [],
            "tablet_device": true,
            "tags": null,
            "template": false,
            "timeout_clone": 1800,
            "timeout_migrate": 1800,
            "timeout_move_disk": 1800,
            "timeout_reboot": 1800,
            "timeout_shutdown_vm": 1800,
            "timeout_start_vm": 1800,
            "timeout_stop_vm": 300,
            "vga": [],
            "vm_id": 116
          },
          "sensitive_attributes": [],
          "private": "bnVsbA==",
          "create_before_destroy": true
        },
        {
          "index_key": 1,
          "schema_version": 0,
          "attributes": {
            "acpi": true,
            "agent": [
              {
                "enabled": true,
                "timeout": "15m",
                "trim": false,
                "type": "virtio"
              }
            ],
            "audio_device": [],
            "bios": "seabios",
            "boot_order": null,
            "cdrom": [],
            "clone": [
              {
                "datastore_id": "",
                "full": true,
                "node_name": "",
                "retries": 1,
                "vm_id": 9999
              }
            ],
            "cpu": [
              {
                "architecture": "x86_64",
                "cores": 4,
                "flags": null,
                "hotplugged": 0,
                "numa": false,
                "sockets": 2,
                "type": "qemu64",
                "units": 1024
              }
            ],
            "description": null,
            "disk": [
              {
                "cache": "none",
                "datastore_id": "local-lvm",
                "discard": "",
                "file_format": "raw",
                "file_id": "",
                "interface": "scsi0",
                "iothread": true,
                "size": 32,
                "speed": [],
                "ssd": false
              },
              {
                "cache": "none",
                "datastore_id": "local-lvm",
                "discard": "",
                "file_format": "raw",
                "file_id": "",
                "interface": "virtio0",
                "iothread": false,
                "size": 8,
                "speed": [],
                "ssd": false
              }
            ],
            "efi_disk": [],
            "hostpci": [],
            "id": "115",
            "initialization": [],
            "ipv4_addresses": [
              [
                "127.0.0.1"
              ],
              [
                "192.168.1.114"
              ]
            ],
            "ipv6_addresses": [
              [
                "::1"
              ],
              [
                "fd2a:484b:5f30:6642:8013:9dff:fe4e:8bfc",
                "fe80::8013:9dff:fe4e:8bfc"
              ]
            ],
            "keyboard_layout": "en-us",
            "kvm_arguments": null,
            "mac_addresses": [
              "00:00:00:00:00:00",
              "82:13:9D:4E:8B:FC"
            ],
            "machine": null,
            "memory": [
              {
                "dedicated": 32768,
                "floating": 0,
                "shared": 0
              }
            ],
            "migrate": false,
            "name": "prod-nomad-client-1",
            "network_device": [],
            "network_interface_names": [
              "lo",
              "ens18"
            ],
            "node_name": "proxmox",
            "on_boot": true,
            "operating_system": [
              {
                "type": "l26"
              }
            ],
            "pool_id": null,
            "reboot": false,
            "scsi_hardware": "virtio-scsi-pci",
            "serial_device": [],
            "smbios": [],
            "started": true,
            "startup": [],
            "tablet_device": true,
            "tags": null,
            "template": false,
            "timeout_clone": 1800,
            "timeout_migrate": 1800,
            "timeout_move_disk": 1800,
            "timeout_reboot": 1800,
            "timeout_shutdown_vm": 1800,
            "timeout_start_vm": 1800,
            "timeout_stop_vm": 300,
            "vga": [],
            "vm_id": 115
          },
          "sensitive_attributes": [],
          "private": "bnVsbA==",
          "create_before_destroy": true
        },
        {
          "index_key": 2,
          "schema_version": 0,
          "attributes": {
            "acpi": true,
            "agent": [
              {
                "enabled": true,
                "timeout": "15m",
                "trim": false,
                "type": "virtio"
              }
            ],
            "audio_device": [],
            "bios": "seabios",
            "boot_order": null,
            "cdrom": [],
            "clone": [
              {
                "datastore_id": "",
                "full": true,
                "node_name": "",
                "retries": 1,
                "vm_id": 9999
              }
            ],
            "cpu": [
              {
                "architecture": "x86_64",
                "cores": 4,
                "flags": null,
                "hotplugged": 0,
                "numa": false,
                "sockets": 2,
                "type": "qemu64",
                "units": 1024
              }
            ],
            "description": null,
            "disk": [
              {
                "cache": "none",
                "datastore_id": "local-lvm",
                "discard": "",
                "file_format": "raw",
                "file_id": "",
                "interface": "scsi0",
                "iothread": true,
                "size": 32,
                "speed": [],
                "ssd": false
              },
              {
                "cache": "none",
                "datastore_id": "local-lvm",
                "discard": "",
                "file_format": "raw",
                "file_id": "",
                "interface": "virtio0",
                "iothread": false,
                "size": 8,
                "speed": [],
                "ssd": false
              }
            ],
            "efi_disk": [],
            "hostpci": [],
            "id": "114",
            "initialization": [],
            "ipv4_addresses": [
              [
                "127.0.0.1"
              ],
              [
                "192.168.1.105"
              ]
            ],
            "ipv6_addresses": [
              [
                "::1"
              ],
              [
                "fd2a:484b:5f30:6642:6c7a:4ff:fe99:822e",
                "fe80::6c7a:4ff:fe99:822e"
              ]
            ],
            "keyboard_layout": "en-us",
            "kvm_arguments": null,
            "mac_addresses": [
              "00:00:00:00:00:00",
              "6E:7A:04:99:82:2E"
            ],
            "machine": null,
            "memory": [
              {
                "dedicated": 32768,
                "floating": 0,
                "shared": 0
              }
            ],
            "migrate": false,
            "name": "prod-nomad-client-2",
            "network_device": [],
            "network_interface_names": [
              "lo",
              "ens18"
            ],
            "node_name": "proxmox",
            "on_boot": true,
            "operating_system": [
              {
                "type": "l26"
              }
            ],
            "pool_id": null,
            "reboot": false,
            "scsi_hardware": "virtio-scsi-pci",
            "serial_device": [],
            "smbios": [],
            "started": true,
            "startup": [],
            "tablet_device": true,
            "tags": null,
            "template": false,
            "timeout_clone": 1800,
            "timeout_migrate": 1800,
            "timeout_move_disk": 1800,
            "timeout_reboot": 1800,
            "timeout_shutdown_vm": 1800,
            "timeout_start_vm": 1800,
            "timeout_stop_vm": 300,
            "vga": [],
            "vm_id": 114
          },
          "sensitive_attributes": [],
          "private": "bnVsbA==",
          "create_before_destroy": true
        }
      ]
    }
  ],
  "check_results": null
}
